// !$*UTF8*$!
{
	archiveVersion = 1;
	classes = {
	};
	objectVersion = 46;
	objects = {

/* Begin PBXBuildFile section */
		DB0148D41EFC9A01001726A1 /* AppDelegate.swift in Sources */ = {isa = PBXBuildFile; fileRef = DB0148D31EFC9A01001726A1 /* AppDelegate.swift */; };
		DB0148D61EFC9A01001726A1 /* ViewController.swift in Sources */ = {isa = PBXBuildFile; fileRef = DB0148D51EFC9A01001726A1 /* ViewController.swift */; };
		DB0148D91EFC9A01001726A1 /* Main.storyboard in Resources */ = {isa = PBXBuildFile; fileRef = DB0148D71EFC9A01001726A1 /* Main.storyboard */; };
		DB0148DB1EFC9A01001726A1 /* Assets.xcassets in Resources */ = {isa = PBXBuildFile; fileRef = DB0148DA1EFC9A01001726A1 /* Assets.xcassets */; };
		DB0148DE1EFC9A01001726A1 /* LaunchScreen.storyboard in Resources */ = {isa = PBXBuildFile; fileRef = DB0148DC1EFC9A01001726A1 /* LaunchScreen.storyboard */; };
		DB0148E91EFC9A02001726A1 /* newiOSUITests.swift in Sources */ = {isa = PBXBuildFile; fileRef = DB0148E81EFC9A02001726A1 /* newiOSUITests.swift */; };
/* End PBXBuildFile section */

/* Begin PBXContainerItemProxy section */
		DB0148E51EFC9A02001726A1 /* PBXContainerItemProxy */ = {
			isa = PBXContainerItemProxy;
			containerPortal = DB0148C81EFC9A01001726A1 /* Project object */;
			proxyType = 1;
			remoteGlobalIDString = DB0148CF1EFC9A01001726A1;
			remoteInfo = newiOS;
		};
/* End PBXContainerItemProxy section */

/* Begin PBXFileReference section */
		DB0148D01EFC9A01001726A1 /* newiOS.app */ = {isa = PBXFileReference; explicitFileType = wrapper.application; includeInIndex = 0; path = newiOS.app; sourceTree = BUILT_PRODUCTS_DIR; };
		DB0148D31EFC9A01001726A1 /* AppDelegate.swift */ = {isa = PBXFileReference; lastKnownFileType = sourcecode.swift; path = AppDelegate.swift; sourceTree = "<group>"; };
		DB0148D51EFC9A01001726A1 /* ViewController.swift */ = {isa = PBXFileReference; lastKnownFileType = sourcecode.swift; path = ViewController.swift; sourceTree = "<group>"; };
		DB0148D81EFC9A01001726A1 /* Base */ = {isa = PBXFileReference; lastKnownFileType = file.storyboard; name = Base; path = Base.lproj/Main.storyboard; sourceTree = "<group>"; };
		DB0148DA1EFC9A01001726A1 /* Assets.xcassets */ = {isa = PBXFileReference; lastKnownFileType = folder.assetcatalog; path = Assets.xcassets; sourceTree = "<group>"; };
		DB0148DD1EFC9A01001726A1 /* Base */ = {isa = PBXFileReference; lastKnownFileType = file.storyboard; name = Base; path = Base.lproj/LaunchScreen.storyboard; sourceTree = "<group>"; };
		DB0148DF1EFC9A01001726A1 /* Info.plist */ = {isa = PBXFileReference; lastKnownFileType = text.plist.xml; path = Info.plist; sourceTree = "<group>"; };
		DB0148E41EFC9A02001726A1 /* newiOSUITests.xctest */ = {isa = PBXFileReference; explicitFileType = wrapper.cfbundle; includeInIndex = 0; path = newiOSUITests.xctest; sourceTree = BUILT_PRODUCTS_DIR; };
		DB0148E81EFC9A02001726A1 /* newiOSUITests.swift */ = {isa = PBXFileReference; lastKnownFileType = sourcecode.swift; path = newiOSUITests.swift; sourceTree = "<group>"; };
		DB0148EA1EFC9A02001726A1 /* Info.plist */ = {isa = PBXFileReference; lastKnownFileType = text.plist.xml; path = Info.plist; sourceTree = "<group>"; };
/* End PBXFileReference section */

/* Begin PBXFrameworksBuildPhase section */
		DB0148CD1EFC9A01001726A1 /* Frameworks */ = {
			isa = PBXFrameworksBuildPhase;
			buildActionMask = 2147483647;
			files = (
			);
			runOnlyForDeploymentPostprocessing = 0;
		};
		DB0148E11EFC9A02001726A1 /* Frameworks */ = {
			isa = PBXFrameworksBuildPhase;
			buildActionMask = 2147483647;
			files = (
			);
			runOnlyForDeploymentPostprocessing = 0;
		};
/* End PBXFrameworksBuildPhase section */

/* Begin PBXGroup section */
		DB0148C71EFC9A01001726A1 = {
			isa = PBXGroup;
			children = (
				DB0148D21EFC9A01001726A1 /* newiOS */,
				DB0148E71EFC9A02001726A1 /* newiOSUITests */,
				DB0148D11EFC9A01001726A1 /* Products */,
			);
			sourceTree = "<group>";
		};
		DB0148D11EFC9A01001726A1 /* Products */ = {
			isa = PBXGroup;
			children = (
				DB0148D01EFC9A01001726A1 /* newiOS.app */,
				DB0148E41EFC9A02001726A1 /* newiOSUITests.xctest */,
			);
			name = Products;
			sourceTree = "<group>";
		};
		DB0148D21EFC9A01001726A1 /* newiOS */ = {
			isa = PBXGroup;
			children = (
				DB0148D31EFC9A01001726A1 /* AppDelegate.swift */,
				DB0148D51EFC9A01001726A1 /* ViewController.swift */,
				DB0148D71EFC9A01001726A1 /* Main.storyboard */,
				DB0148DA1EFC9A01001726A1 /* Assets.xcassets */,
				DB0148DC1EFC9A01001726A1 /* LaunchScreen.storyboard */,
				DB0148DF1EFC9A01001726A1 /* Info.plist */,
			);
			path = newiOS;
			sourceTree = "<group>";
		};
		DB0148E71EFC9A02001726A1 /* newiOSUITests */ = {
			isa = PBXGroup;
			children = (
				DB0148E81EFC9A02001726A1 /* newiOSUITests.swift */,
				DB0148EA1EFC9A02001726A1 /* Info.plist */,
			);
			path = newiOSUITests;
			sourceTree = "<group>";
		};
/* End PBXGroup section */

/* Begin PBXNativeTarget section */
		DB0148CF1EFC9A01001726A1 /* newiOS */ = {
			isa = PBXNativeTarget;
			buildConfigurationList = DB0148ED1EFC9A02001726A1 /* Build configuration list for PBXNativeTarget "newiOS" */;
			buildPhases = (
				DB0148CC1EFC9A01001726A1 /* Sources */,
				DB0148CD1EFC9A01001726A1 /* Frameworks */,
				DB0148CE1EFC9A01001726A1 /* Resources */,
			);
			buildRules = (
			);
			dependencies = (
			);
			name = newiOS;
			productName = newiOS;
			productReference = DB0148D01EFC9A01001726A1 /* newiOS.app */;
			productType = "com.apple.product-type.application";
		};
		DB0148E31EFC9A02001726A1 /* newiOSUITests */ = {
			isa = PBXNativeTarget;
			buildConfigurationList = DB0148F01EFC9A02001726A1 /* Build configuration list for PBXNativeTarget "newiOSUITests" */;
			buildPhases = (
				DB0148E01EFC9A02001726A1 /* Sources */,
				DB0148E11EFC9A02001726A1 /* Frameworks */,
				DB0148E21EFC9A02001726A1 /* Resources */,
			);
			buildRules = (
			);
			dependencies = (
				DB0148E61EFC9A02001726A1 /* PBXTargetDependency */,
			);
			name = newiOSUITests;
			productName = newiOSUITests;
			productReference = DB0148E41EFC9A02001726A1 /* newiOSUITests.xctest */;
			productType = "com.apple.product-type.bundle.ui-testing";
		};
/* End PBXNativeTarget section */

/* Begin PBXProject section */
		DB0148C81EFC9A01001726A1 /* Project object */ = {
			isa = PBXProject;
			attributes = {
				LastSwiftUpdateCheck = 0830;
				LastUpgradeCheck = 0830;
				ORGANIZATIONNAME = "com.MMT-AGENT";
				TargetAttributes = {
					DB0148CF1EFC9A01001726A1 = {
						CreatedOnToolsVersion = 8.3.3;
						DevelopmentTeam = AU3JCFVGY3;
						ProvisioningStyle = Automatic;
					};
					DB0148E31EFC9A02001726A1 = {
						CreatedOnToolsVersion = 8.3.3;
						ProvisioningStyle = Automatic;
						TestTargetID = DB0148CF1EFC9A01001726A1;
					};
				};
			};
			buildConfigurationList = DB0148CB1EFC9A01001726A1 /* Build configuration list for PBXProject "newiOS" */;
			compatibilityVersion = "Xcode 3.2";
			developmentRegion = English;
			hasScannedForEncodings = 0;
			knownRegions = (
				en,
				Base,
			);
			mainGroup = DB0148C71EFC9A01001726A1;
			productRefGroup = DB0148D11EFC9A01001726A1 /* Products */;
			projectDirPath = "";
			projectRoot = "";
			targets = (
				DB0148CF1EFC9A01001726A1 /* newiOS */,
				DB0148E31EFC9A02001726A1 /* newiOSUITests */,
			);
		};
/* End PBXProject section */

/* Begin PBXResourcesBuildPhase section */
		DB0148CE1EFC9A01001726A1 /* Resources */ = {
			isa = PBXResourcesBuildPhase;
			buildActionMask = 2147483647;
			files = (
				DB0148DE1EFC9A01001726A1 /* LaunchScreen.storyboard in Resources */,
				DB0148DB1EFC9A01001726A1 /* Assets.xcassets in Resources */,
				DB0148D91EFC9A01001726A1 /* Main.storyboard in Resources */,
			);
			runOnlyForDeploymentPostprocessing = 0;
		};
		DB0148E21EFC9A02001726A1 /* Resources */ = {
			isa = PBXResourcesBuildPhase;
			buildActionMask = 2147483647;
			files = (
			);
			runOnlyForDeploymentPostprocessing = 0;
		};
/* End PBXResourcesBuildPhase section */

/* Begin PBXSourcesBuildPhase section */
		DB0148CC1EFC9A01001726A1 /* Sources */ = {
			isa = PBXSourcesBuildPhase;
			buildActionMask = 2147483647;
			files = (
				DB0148D61EFC9A01001726A1 /* ViewController.swift in Sources */,
				DB0148D41EFC9A01001726A1 /* AppDelegate.swift in Sources */,
			);
			runOnlyForDeploymentPostprocessing = 0;
		};
		DB0148E01EFC9A02001726A1 /* Sources */ = {
			isa = PBXSourcesBuildPhase;
			buildActionMask = 2147483647;
			files = (
				DB0148E91EFC9A02001726A1 /* newiOSUITests.swift in Sources */,
			);
			runOnlyForDeploymentPostprocessing = 0;
		};
/* End PBXSourcesBuildPhase section */

/* Begin PBXTargetDependency section */
		DB0148E61EFC9A02001726A1 /* PBXTargetDependency */ = {
			isa = PBXTargetDependency;
			target = DB0148CF1EFC9A01001726A1 /* newiOS */;
			targetProxy = DB0148E51EFC9A02001726A1 /* PBXContainerItemProxy */;
		};
/* End PBXTargetDependency section */

/* Begin PBXVariantGroup section */
		DB0148D71EFC9A01001726A1 /* Main.storyboard */ = {
			isa = PBXVariantGroup;
			children = (
				DB0148D81EFC9A01001726A1 /* Base */,
			);
			name = Main.storyboard;
			sourceTree = "<group>";
		};
		DB0148DC1EFC9A01001726A1 /* LaunchScreen.storyboard */ = {
			isa = PBXVariantGroup;
			children = (
				DB0148DD1EFC9A01001726A1 /* Base */,
			);
			name = LaunchScreen.storyboard;
			sourceTree = "<group>";
		};
/* End PBXVariantGroup section */

/* Begin XCBuildConfiguration section */
		DB0148EB1EFC9A02001726A1 /* Debug */ = {
			isa = XCBuildConfiguration;
			buildSettings = {
				ALWAYS_SEARCH_USER_PATHS = NO;
				CLANG_ANALYZER_NONNULL = YES;
				CLANG_ANALYZER_NUMBER_OBJECT_CONVERSION = YES_AGGRESSIVE;
				CLANG_CXX_LANGUAGE_STANDARD = "gnu++0x";
				CLANG_CXX_LIBRARY = "libc++";
				CLANG_ENABLE_MODULES = YES;
				CLANG_ENABLE_OBJC_ARC = YES;
				CLANG_WARN_BOOL_CONVERSION = YES;
				CLANG_WARN_CONSTANT_CONVERSION = YES;
				CLANG_WARN_DIRECT_OBJC_ISA_USAGE = YES_ERROR;
				CLANG_WARN_DOCUMENTATION_COMMENTS = YES;
				CLANG_WARN_EMPTY_BODY = YES;
				CLANG_WARN_ENUM_CONVERSION = YES;
				CLANG_WARN_INFINITE_RECURSION = YES;
				CLANG_WARN_INT_CONVERSION = YES;
				CLANG_WARN_OBJC_ROOT_CLASS = YES_ERROR;
				CLANG_WARN_SUSPICIOUS_MOVE = YES;
				CLANG_WARN_UNREACHABLE_CODE = YES;
				CLANG_WARN__DUPLICATE_METHOD_MATCH = YES;
				"CODE_SIGN_IDENTITY[sdk=iphoneos*]" = "iPhone Developer";
				COPY_PHASE_STRIP = NO;
				DEBUG_INFORMATION_FORMAT = dwarf;
				ENABLE_STRICT_OBJC_MSGSEND = YES;
				ENABLE_TESTABILITY = YES;
				GCC_C_LANGUAGE_STANDARD = gnu99;
				GCC_DYNAMIC_NO_PIC = NO;
				GCC_NO_COMMON_BLOCKS = YES;
				GCC_OPTIMIZATION_LEVEL = 0;
				GCC_PREPROCESSOR_DEFINITIONS = (
					"DEBUG=1",
					"$(inherited)",
				);
				GCC_WARN_64_TO_32_BIT_CONVERSION = YES;
				GCC_WARN_ABOUT_RETURN_TYPE = YES_ERROR;
				GCC_WARN_UNDECLARED_SELECTOR = YES;
				GCC_WARN_UNINITIALIZED_AUTOS = YES_AGGRESSIVE;
				GCC_WARN_UNUSED_FUNCTION = YES;
				GCC_WARN_UNUSED_VARIABLE = YES;
				IPHONEOS_DEPLOYMENT_TARGET = 10.3;
				MTL_ENABLE_DEBUG_INFO = YES;
				ONLY_ACTIVE_ARCH = YES;
				SDKROOT = iphoneos;
				SWIFT_ACTIVE_COMPILATION_CONDITIONS = DEBUG;
				SWIFT_OPTIMIZATION_LEVEL = "-Onone";
				TARGETED_DEVICE_FAMILY = "1,2";
			};
			name = Debug;
		};
		DB0148EC1EFC9A02001726A1 /* Release */ = {
			isa = XCBuildConfiguration;
			buildSettings = {
				ALWAYS_SEARCH_USER_PATHS = NO;
				CLANG_ANALYZER_NONNULL = YES;
				CLANG_ANALYZER_NUMBER_OBJECT_CONVERSION = YES_AGGRESSIVE;
				CLANG_CXX_LANGUAGE_STANDARD = "gnu++0x";
				CLANG_CXX_LIBRARY = "libc++";
				CLANG_ENABLE_MODULES = YES;
				CLANG_ENABLE_OBJC_ARC = YES;
				CLANG_WARN_BOOL_CONVERSION = YES;
				CLANG_WARN_CONSTANT_CONVERSION = YES;
				CLANG_WARN_DIRECT_OBJC_ISA_USAGE = YES_ERROR;
				CLANG_WARN_DOCUMENTATION_COMMENTS = YES;
				CLANG_WARN_EMPTY_BODY = YES;
				CLANG_WARN_ENUM_CONVERSION = YES;
				CLANG_WARN_INFINITE_RECURSION = YES;
				CLANG_WARN_INT_CONVERSION = YES;
				CLANG_WARN_OBJC_ROOT_CLASS = YES_ERROR;
				CLANG_WARN_SUSPICIOUS_MOVE = YES;
				CLANG_WARN_UNREACHABLE_CODE = YES;
				CLANG_WARN__DUPLICATE_METHOD_MATCH = YES;
				"CODE_SIGN_IDENTITY[sdk=iphoneos*]" = "iPhone Developer";
				COPY_PHASE_STRIP = NO;
				DEBUG_INFORMATION_FORMAT = "dwarf-with-dsym";
				ENABLE_NS_ASSERTIONS = NO;
				ENABLE_STRICT_OBJC_MSGSEND = YES;
				GCC_C_LANGUAGE_STANDARD = gnu99;
				GCC_NO_COMMON_BLOCKS = YES;
				GCC_WARN_64_TO_32_BIT_CONVERSION = YES;
				GCC_WARN_ABOUT_RETURN_TYPE = YES_ERROR;
				GCC_WARN_UNDECLARED_SELECTOR = YES;
				GCC_WARN_UNINITIALIZED_AUTOS = YES_AGGRESSIVE;
				GCC_WARN_UNUSED_FUNCTION = YES;
				GCC_WARN_UNUSED_VARIABLE = YES;
				IPHONEOS_DEPLOYMENT_TARGET = 10.3;
				MTL_ENABLE_DEBUG_INFO = NO;
				SDKROOT = iphoneos;
				SWIFT_OPTIMIZATION_LEVEL = "-Owholemodule";
				TARGETED_DEVICE_FAMILY = "1,2";
				VALIDATE_PRODUCT = YES;
			};
			name = Release;
		};
		DB0148EE1EFC9A02001726A1 /* Debug */ = {
			isa = XCBuildConfiguration;
			buildSettings = {
				ASSETCATALOG_COMPILER_APPICON_NAME = AppIcon;
				DEVELOPMENT_TEAM = AU3JCFVGY3;
				INFOPLIST_FILE = newiOS/Info.plist;
				LD_RUNPATH_SEARCH_PATHS = "$(inherited) @executable_path/Frameworks";
				PRODUCT_BUNDLE_IDENTIFIER = "com.MMT-AGENT.newiOS";
				PRODUCT_NAME = "$(TARGET_NAME)";
				SWIFT_VERSION = 3.0;
			};
			name = Debug;
		};
		DB0148EF1EFC9A02001726A1 /* Release */ = {
			isa = XCBuildConfiguration;
			buildSettings = {
				ASSETCATALOG_COMPILER_APPICON_NAME = AppIcon;
				DEVELOPMENT_TEAM = AU3JCFVGY3;
				INFOPLIST_FILE = newiOS/Info.plist;
				LD_RUNPATH_SEARCH_PATHS = "$(inherited) @executable_path/Frameworks";
				PRODUCT_BUNDLE_IDENTIFIER = "com.MMT-AGENT.newiOS";
				PRODUCT_NAME = "$(TARGET_NAME)";
				SWIFT_VERSION = 3.0;
			};
			name = Release;
		};
		DB0148F11EFC9A02001726A1 /* Debug */ = {
			isa = XCBuildConfiguration;
			buildSettings = {
				ALWAYS_EMBED_SWIFT_STANDARD_LIBRARIES = YES;
				INFOPLIST_FILE = newiOSUITests/Info.plist;
				LD_RUNPATH_SEARCH_PATHS = "$(inherited) @executable_path/Frameworks @loader_path/Frameworks";
				PRODUCT_BUNDLE_IDENTIFIER = "com.MMT-AGENT.newiOSUITests";
				PRODUCT_NAME = "$(TARGET_NAME)";
				SWIFT_VERSION = 3.0;
				TEST_TARGET_NAME = newiOS;
			};
			name = Debug;
		};
		DB0148F21EFC9A02001726A1 /* Release */ = {
			isa = XCBuildConfiguration;
			buildSettings = {
				ALWAYS_EMBED_SWIFT_STANDARD_LIBRARIES = YES;
				INFOPLIST_FILE = newiOSUITests/Info.plist;
				LD_RUNPATH_SEARCH_PATHS = "$(inherited) @executable_path/Frameworks @loader_path/Frameworks";
				PRODUCT_BUNDLE_IDENTIFIER = "com.MMT-AGENT.newiOSUITests";
				PRODUCT_NAME = "$(TARGET_NAME)";
				SWIFT_VERSION = 3.0;
				TEST_TARGET_NAME = newiOS;
			};
			name = Release;
		};
/* End XCBuildConfiguration section */

/* Begin XCConfigurationList section */
		DB0148CB1EFC9A01001726A1 /* Build configuration list for PBXProject "newiOS" */ = {
			isa = XCConfigurationList;
			buildConfigurations = (
				DB0148EB1EFC9A02001726A1 /* Debug */,
				DB0148EC1EFC9A02001726A1 /* Release */,
			);
			defaultConfigurationIsVisible = 0;
			defaultConfigurationName = Release;
		};
		DB0148ED1EFC9A02001726A1 /* Build configuration list for PBXNativeTarget "newiOS" */ = {
			isa = XCConfigurationList;
			buildConfigurations = (
				DB0148EE1EFC9A02001726A1 /* Debug */,
				DB0148EF1EFC9A02001726A1 /* Release */,
			);
			defaultConfigurationIsVisible = 0;
		};
		DB0148F01EFC9A02001726A1 /* Build configuration list for PBXNativeTarget "newiOSUITests" */ = {
			isa = XCConfigurationList;
			buildConfigurations = (
				DB0148F11EFC9A02001726A1 /* Debug */,
				DB0148F21EFC9A02001726A1 /* Release */,
			);
			defaultConfigurationIsVisible = 0;
		};
/* End XCConfigurationList section */
	};
	rootObject = DB0148C81EFC9A01001726A1 /* Project object */;
}
